
Microsoft Visual Studio Solution File, Format Version 12.00
# Visual Studio 2012
Project("{FAE04EC0-301F-11D3-BF4B-00C04F79EFBC}") = "ISI", "ISI\ISI.csproj", "{C246DB6F-0BB6-4D71-A072-CE3F87AEC7AA}"
EndProject
Project("{FAE04EC0-301F-11D3-BF4B-00C04F79EFBC}") = "ISI_Console_Tests", "ISI_Console_Tests\ISI_Console_Tests.csproj", "{EA2DC43D-8F22-45F3-9B02-E6675D248E9F}"
EndProject
Global
	GlobalSection(SolutionConfigurationPlatforms) = preSolution
		Debug|Any CPU = Debug|Any CPU
		Release|Any CPU = Release|Any CPU
	EndGlobalSection
	GlobalSection(ProjectConfigurationPlatforms) = postSolution
		{C246DB6F-0BB6-4D71-A072-CE3F87AEC7AA}.Debug|Any CPU.ActiveCfg = Debug|Any CPU
		{C246DB6F-0BB6-4D71-A072-CE3F87AEC7AA}.Debug|Any CPU.Build.0 = Debug|Any CPU
		{C246DB6F-0BB6-4D71-A072-CE3F87AEC7AA}.Release|Any CPU.ActiveCfg = Release|Any CPU
		{C246DB6F-0BB6-4D71-A072-CE3F87AEC7AA}.Release|Any CPU.Build.0 = Release|Any CPU
		{EA2DC43D-8F22-45F3-9B02-E6675D248E9F}.Debug|Any CPU.ActiveCfg = Debug|Any CPU
		{EA2DC43D-8F22-45F3-9B02-E6675D248E9F}.Debug|Any CPU.Build.0 = Debug|Any CPU
		{EA2DC43D-8F22-45F3-9B02-E6675D248E9F}.Release|Any CPU.ActiveCfg = Release|Any CPU
		{EA2DC43D-8F22-45F3-9B02-E6675D248E9F}.Release|Any CPU.Build.0 = Release|Any CPU
	EndGlobalSection
	GlobalSection(SolutionProperties) = preSolution
		HideSolutionNode = FALSE
	EndGlobalSection
EndGlobal
